speakeasyVersion: 1.761.9
sources:
    openapi:
        sourceNamespace: openapi
        sourceRevisionDigest: sha256:a0e6b52df395d96392e26b8225ce1f20d76c772d38b3a803a5868d716839f041
        sourceBlobDigest: sha256:8b2efef1bc481e420247e0ab28029d534ba7ae6f1fdaa3a48084cacd2c585d7a
        tags:
            - latest
            - 1.0.0
targets:
    php:
        source: openapi
        sourceNamespace: openapi
        sourceRevisionDigest: sha256:a0e6b52df395d96392e26b8225ce1f20d76c772d38b3a803a5868d716839f041
        sourceBlobDigest: sha256:8b2efef1bc481e420247e0ab28029d534ba7ae6f1fdaa3a48084cacd2c585d7a
        codeSamplesNamespace: openapi-php-code-samples
        codeSamplesRevisionDigest: sha256:d028ea3e8145a0e7991b2b7ed05a8b58d0623e07152a3f0f75b09889c016e696
workflow:
    workflowVersion: 1.0.0
    speakeasyVersion: latest
    sources:
        openapi:
            inputs:
                - location: https://gr4vy.github.io/openapi/core/openapi.json
            overlays:
                - location: ./.speakeasy/overlays/servers.yaml
                - location: ./.speakeasy/overlays/security.yaml
                - location: ./.speakeasy/overlays/enums.yaml
                - location: ./.speakeasy/overlays/retries.yaml
                - location: ./.speakeasy/overlays/mid-global.yaml
                - location: ./.speakeasy/overlays/fix-base-model.yaml
                - location: ./.speakeasy/overlays/fix-checkout-session-body.yaml
                - location: ./.speakeasy/overlays/fix-remove-unwanted-headers.yaml
                - location: ./.speakeasy/overlays/fix-add-x-forwarded-for-header.yaml
            registry:
                location: registry.speakeasyapi.dev/gr4vy/gr4vy/openapi
    targets:
        php:
            target: php
            source: openapi
            publish:
                packagist:
                    username: $packagist_username
                    token: $packagist_token
            codeSamples:
                registry:
                    location: registry.speakeasyapi.dev/gr4vy/gr4vy/openapi-php-code-samples
                labelOverride:
                    fixedValue: PHP
                blocking: false
