speakeasyVersion: 1.726.0
sources:
    openapi:
        sourceNamespace: openapi
        sourceRevisionDigest: sha256:93ae2035e19f8a1974e022bcb3f98705779c60c1733f7b73a51579c7f643b95a
        sourceBlobDigest: sha256:bde14560a3f178ac2f4b602f6dd99f6c7c6faeb54b8dae6abf3412d43a467d38
        tags:
            - latest
            - speakeasy-sdk-regen-1771941099
            - 1.0.0
targets:
    php:
        source: openapi
        sourceNamespace: openapi
        sourceRevisionDigest: sha256:93ae2035e19f8a1974e022bcb3f98705779c60c1733f7b73a51579c7f643b95a
        sourceBlobDigest: sha256:bde14560a3f178ac2f4b602f6dd99f6c7c6faeb54b8dae6abf3412d43a467d38
        codeSamplesNamespace: openapi-php-code-samples
        codeSamplesRevisionDigest: sha256:d1e2f301ae12619ecaeb5b3b3425f83e035340ea96629094c258af09ea1fc1c3
workflow:
    workflowVersion: 1.0.0
    speakeasyVersion: latest
    sources:
        openapi:
            inputs:
                - location: https://gr4vy.github.io/openapi/core/openapi.json
            overlays:
                - location: ./.speakeasy/overlays/servers.yaml
                - location: ./.speakeasy/overlays/security.yaml
                - location: ./.speakeasy/overlays/enums.yaml
                - location: ./.speakeasy/overlays/retries.yaml
                - location: ./.speakeasy/overlays/mid-global.yaml
                - location: ./.speakeasy/overlays/fix-base-model.yaml
                - location: ./.speakeasy/overlays/fix-checkout-session-body.yaml
                - location: ./.speakeasy/overlays/fix-remove-unwanted-headers.yaml
                - location: ./.speakeasy/overlays/fix-add-x-forwarded-for-header.yaml
            registry:
                location: registry.speakeasyapi.dev/gr4vy/gr4vy/openapi
    targets:
        php:
            target: php
            source: openapi
            publish:
                packagist:
                    username: $packagist_username
                    token: $packagist_token
            codeSamples:
                registry:
                    location: registry.speakeasyapi.dev/gr4vy/gr4vy/openapi-php-code-samples
                labelOverride:
                    fixedValue: PHP
                blocking: false
