speakeasyVersion: 1.668.0
sources:
    openapi:
        sourceNamespace: openapi
        sourceRevisionDigest: sha256:77425be46c03bbf3e202eb4169b9928b6c6ffefa9c743f9a0e779d59b8cf41a2
        sourceBlobDigest: sha256:626d395e3ab60719c8a92c492b490adcb31eda97b00be67b96285faf34887f89
        tags:
            - latest
            - speakeasy-sdk-regen-1764841058
            - 1.0.0
targets:
    php:
        source: openapi
        sourceNamespace: openapi
        sourceRevisionDigest: sha256:77425be46c03bbf3e202eb4169b9928b6c6ffefa9c743f9a0e779d59b8cf41a2
        sourceBlobDigest: sha256:626d395e3ab60719c8a92c492b490adcb31eda97b00be67b96285faf34887f89
        codeSamplesNamespace: openapi-php-code-samples
        codeSamplesRevisionDigest: sha256:cd46297ebbf22552ed5dc36c25b0edd4089280f26f9a32eb4d40d2023a10fc46
workflow:
    workflowVersion: 1.0.0
    speakeasyVersion: latest
    sources:
        openapi:
            inputs:
                - location: https://gr4vy.github.io/openapi/core/openapi.json
            overlays:
                - location: ./.speakeasy/overlays/servers.yaml
                - location: ./.speakeasy/overlays/security.yaml
                - location: ./.speakeasy/overlays/enums.yaml
                - location: ./.speakeasy/overlays/retries.yaml
                - location: ./.speakeasy/overlays/mid-global.yaml
                - location: ./.speakeasy/overlays/fix-base-model.yaml
                - location: ./.speakeasy/overlays/fix-checkout-session-body.yaml
                - location: ./.speakeasy/overlays/fix-remove-unwanted-headers.yaml
                - location: ./.speakeasy/overlays/fix-add-x-forwarded-for-header.yaml
            registry:
                location: registry.speakeasyapi.dev/gr4vy/gr4vy/openapi
    targets:
        php:
            target: php
            source: openapi
            publish:
                packagist:
                    username: $packagist_username
                    token: $packagist_token
            codeSamples:
                registry:
                    location: registry.speakeasyapi.dev/gr4vy/gr4vy/openapi-php-code-samples
                labelOverride:
                    fixedValue: PHP
                blocking: false
